
Microsoft Visual Studio Solution File, Format Version 12.00
# Visual Studio Version 16
VisualStudioVersion = 16.0.28729.10
MinimumVisualStudioVersion = 10.0.40219.1
Project("{778DAE3C-4631-46EA-AA77-85C1314464D9}") = "variables_tipos", "variables_tipos\variables_tipos.vbproj", "{453F586A-FE4A-455C-846A-1B5547C5848C}"
EndProject
Global
	GlobalSection(SolutionConfigurationPlatforms) = preSolution
		Debug|Any CPU = Debug|Any CPU
		Release|Any CPU = Release|Any CPU
	EndGlobalSection
	GlobalSection(ProjectConfigurationPlatforms) = postSolution
		{453F586A-FE4A-455C-846A-1B5547C5848C}.Debug|Any CPU.ActiveCfg = Debug|Any CPU
		{453F586A-FE4A-455C-846A-1B5547C5848C}.Debug|Any CPU.Build.0 = Debug|Any CPU
		{453F586A-FE4A-455C-846A-1B5547C5848C}.Release|Any CPU.ActiveCfg = Release|Any CPU
		{453F586A-FE4A-455C-846A-1B5547C5848C}.Release|Any CPU.Build.0 = Release|Any CPU
	EndGlobalSection
	GlobalSection(SolutionProperties) = preSolution
		HideSolutionNode = FALSE
	EndGlobalSection
	GlobalSection(ExtensibilityGlobals) = postSolution
		SolutionGuid = {1C5ED3E4-D1E9-4DA7-9C1E-556D27C57D01}
	EndGlobalSection
EndGlobal
